
Microsoft Visual Studio Solution File, Format Version 12.00
# Visual Studio Version 16
VisualStudioVersion = 16.0.31112.23
MinimumVisualStudioVersion = 10.0.40219.1
Project("{FAE04EC0-301F-11D3-BF4B-00C04F79EFBC}") = "EfCoreSample", "EfCoreSample\EfCoreSample.csproj", "{C3312E30-3305-497E-BA71-93372A43B861}"
EndProject
Project("{FAE04EC0-301F-11D3-BF4B-00C04F79EFBC}") = "Data", "Data\Data.csproj", "{2B9B065C-39B1-4584-9A48-E3E648A26AC4}"
EndProject
Global
	GlobalSection(SolutionConfigurationPlatforms) = preSolution
		Debug|Any CPU = Debug|Any CPU
		Release|Any CPU = Release|Any CPU
	EndGlobalSection
	GlobalSection(ProjectConfigurationPlatforms) = postSolution
		{C3312E30-3305-497E-BA71-93372A43B861}.Debug|Any CPU.ActiveCfg = Debug|Any CPU
		{C3312E30-3305-497E-BA71-93372A43B861}.Debug|Any CPU.Build.0 = Debug|Any CPU
		{C3312E30-3305-497E-BA71-93372A43B861}.Release|Any CPU.ActiveCfg = Release|Any CPU
		{C3312E30-3305-497E-BA71-93372A43B861}.Release|Any CPU.Build.0 = Release|Any CPU
		{2B9B065C-39B1-4584-9A48-E3E648A26AC4}.Debug|Any CPU.ActiveCfg = Debug|Any CPU
		{2B9B065C-39B1-4584-9A48-E3E648A26AC4}.Debug|Any CPU.Build.0 = Debug|Any CPU
		{2B9B065C-39B1-4584-9A48-E3E648A26AC4}.Release|Any CPU.ActiveCfg = Release|Any CPU
		{2B9B065C-39B1-4584-9A48-E3E648A26AC4}.Release|Any CPU.Build.0 = Release|Any CPU
	EndGlobalSection
	GlobalSection(SolutionProperties) = preSolution
		HideSolutionNode = FALSE
	EndGlobalSection
	GlobalSection(ExtensibilityGlobals) = postSolution
		SolutionGuid = {AB3B61BD-CCCB-49E0-BA8C-37BA7FCA3E1A}
	EndGlobalSection
EndGlobal
